
Microsoft Visual Studio Solution File, Format Version 12.00
# Visual Studio Version 16
VisualStudioVersion = 16.0.29306.81
MinimumVisualStudioVersion = 10.0.40219.1
Project("{FAE04EC0-301F-11D3-BF4B-00C04F79EFBC}") = "Coding", "Coding\Coding.csproj", "{34DC9304-7365-4EB8-9E97-50B175005471}"
EndProject
Project("{FAE04EC0-301F-11D3-BF4B-00C04F79EFBC}") = "CodingTest", "CodingTest\CodingTest.csproj", "{600514A8-C83A-459A-8444-97C0DB953FCF}"
	ProjectSection(ProjectDependencies) = postProject
		{34DC9304-7365-4EB8-9E97-50B175005471} = {34DC9304-7365-4EB8-9E97-50B175005471}
	EndProjectSection
EndProject
Global
	GlobalSection(SolutionConfigurationPlatforms) = preSolution
		Debug|Any CPU = Debug|Any CPU
		Release|Any CPU = Release|Any CPU
	EndGlobalSection
	GlobalSection(ProjectConfigurationPlatforms) = postSolution
		{34DC9304-7365-4EB8-9E97-50B175005471}.Debug|Any CPU.ActiveCfg = Debug|Any CPU
		{34DC9304-7365-4EB8-9E97-50B175005471}.Debug|Any CPU.Build.0 = Debug|Any CPU
		{34DC9304-7365-4EB8-9E97-50B175005471}.Release|Any CPU.ActiveCfg = Release|Any CPU
		{34DC9304-7365-4EB8-9E97-50B175005471}.Release|Any CPU.Build.0 = Release|Any CPU
		{600514A8-C83A-459A-8444-97C0DB953FCF}.Debug|Any CPU.ActiveCfg = Debug|Any CPU
		{600514A8-C83A-459A-8444-97C0DB953FCF}.Debug|Any CPU.Build.0 = Debug|Any CPU
		{600514A8-C83A-459A-8444-97C0DB953FCF}.Release|Any CPU.ActiveCfg = Release|Any CPU
		{600514A8-C83A-459A-8444-97C0DB953FCF}.Release|Any CPU.Build.0 = Release|Any CPU
	EndGlobalSection
	GlobalSection(SolutionProperties) = preSolution
		HideSolutionNode = FALSE
	EndGlobalSection
	GlobalSection(ExtensibilityGlobals) = postSolution
		SolutionGuid = {2E7A6E25-449F-4C19-8671-AF1F39049E1D}
	EndGlobalSection
EndGlobal
